
Microsoft Visual Studio Solution File, Format Version 12.00
# Visual Studio Version 17
VisualStudioVersion = 17.11.35208.52
MinimumVisualStudioVersion = 10.0.40219.1
Project("{FAE04EC0-301F-11D3-BF4B-00C04F79EFBC}") = "ProcessManager", "ProcessManager.csproj", "{CDB1DFFB-D875-4843-A9AB-F1DA63734E5C}"
EndProject
Global
	GlobalSection(SolutionConfigurationPlatforms) = preSolution
		Debug|Any CPU = Debug|Any CPU
		Release|Any CPU = Release|Any CPU
	EndGlobalSection
	GlobalSection(ProjectConfigurationPlatforms) = postSolution
		{CDB1DFFB-D875-4843-A9AB-F1DA63734E5C}.Debug|Any CPU.ActiveCfg = Debug|Any CPU
		{CDB1DFFB-D875-4843-A9AB-F1DA63734E5C}.Debug|Any CPU.Build.0 = Debug|Any CPU
		{CDB1DFFB-D875-4843-A9AB-F1DA63734E5C}.Release|Any CPU.ActiveCfg = Release|Any CPU
		{CDB1DFFB-D875-4843-A9AB-F1DA63734E5C}.Release|Any CPU.Build.0 = Release|Any CPU
	EndGlobalSection
	GlobalSection(SolutionProperties) = preSolution
		HideSolutionNode = FALSE
	EndGlobalSection
	GlobalSection(ExtensibilityGlobals) = postSolution
		SolutionGuid = {816C78CD-219F-48C8-902E-A5FAE0ACCF1E}
	EndGlobalSection
EndGlobal
