
Microsoft Visual Studio Solution File, Format Version 12.00
# Visual Studio Version 17
VisualStudioVersion = 17.9.34728.123
MinimumVisualStudioVersion = 10.0.40219.1
Project("{FAE04EC0-301F-11D3-BF4B-00C04F79EFBC}") = "ReadMailsByIMAP", "ReadMailsByIMAP.csproj", "{F8B90FF3-FCC0-41E7-A828-7FBD24FD6D89}"
EndProject
Global
	GlobalSection(SolutionConfigurationPlatforms) = preSolution
		Debug|Any CPU = Debug|Any CPU
		Release|Any CPU = Release|Any CPU
	EndGlobalSection
	GlobalSection(ProjectConfigurationPlatforms) = postSolution
		{F8B90FF3-FCC0-41E7-A828-7FBD24FD6D89}.Debug|Any CPU.ActiveCfg = Debug|Any CPU
		{F8B90FF3-FCC0-41E7-A828-7FBD24FD6D89}.Debug|Any CPU.Build.0 = Debug|Any CPU
		{F8B90FF3-FCC0-41E7-A828-7FBD24FD6D89}.Release|Any CPU.ActiveCfg = Release|Any CPU
		{F8B90FF3-FCC0-41E7-A828-7FBD24FD6D89}.Release|Any CPU.Build.0 = Release|Any CPU
	EndGlobalSection
	GlobalSection(SolutionProperties) = preSolution
		HideSolutionNode = FALSE
	EndGlobalSection
	GlobalSection(ExtensibilityGlobals) = postSolution
		SolutionGuid = {38F79A58-32CC-4249-B176-9C7A6DAE226D}
	EndGlobalSection
EndGlobal
