
Microsoft Visual Studio Solution File, Format Version 12.00
# Visual Studio Version 17
VisualStudioVersion = 17.9.34728.123
MinimumVisualStudioVersion = 10.0.40219.1
Project("{FAE04EC0-301F-11D3-BF4B-00C04F79EFBC}") = "GetFilesByFTP", "GetFilesByFTP.csproj", "{B4A2F146-5574-45AB-9353-3C5A8503A74A}"
EndProject
Global
	GlobalSection(SolutionConfigurationPlatforms) = preSolution
		Debug|Any CPU = Debug|Any CPU
		Release|Any CPU = Release|Any CPU
	EndGlobalSection
	GlobalSection(ProjectConfigurationPlatforms) = postSolution
		{B4A2F146-5574-45AB-9353-3C5A8503A74A}.Debug|Any CPU.ActiveCfg = Debug|Any CPU
		{B4A2F146-5574-45AB-9353-3C5A8503A74A}.Debug|Any CPU.Build.0 = Debug|Any CPU
		{B4A2F146-5574-45AB-9353-3C5A8503A74A}.Release|Any CPU.ActiveCfg = Release|Any CPU
		{B4A2F146-5574-45AB-9353-3C5A8503A74A}.Release|Any CPU.Build.0 = Release|Any CPU
	EndGlobalSection
	GlobalSection(SolutionProperties) = preSolution
		HideSolutionNode = FALSE
	EndGlobalSection
	GlobalSection(ExtensibilityGlobals) = postSolution
		SolutionGuid = {25135107-F9B7-430B-B21B-C28E72EB0F7F}
	EndGlobalSection
EndGlobal
